<?xml version="1.0" encoding="utf-8"?>
<Project ToolsVersion="4.0" xmlns="http://schemas.microsoft.com/developer/msbuild/2003">
  <ItemGroup>
    <ClInclude Include="..\..\..\src\NFComm\NFShmCore\NFShmObj.h" />
    <ClInclude Include="..\..\..\src\NFComm\NFShmCore\NFArray.h" />
    <ClInclude Include="..\..\..\src\NFComm\NFShmCore\NFArrayQueue.h" />
    <ClInclude Include="..\..\..\src\NFComm\NFShmCore\NFArraySequence.h" />
    <ClInclude Include="..\..\..\src\NFComm\NFShmCore\NFAutoFree.h" />
    <ClInclude Include="..\..\..\src\NFComm\NFShmCore\NFCSharedMem.h" />
    <ClInclude Include="..\..\..\src\NFComm\NFShmCore\NFDynamicHead.h" />
    <ClInclude Include="..\..\..\src\NFComm\NFShmCore\NFISharedMemModule.h" />
    <ClInclude Include="..\..\..\src\NFComm\NFShmCore\NFLinearQueue.h" />
    <ClInclude Include="..\..\..\src\NFComm\NFShmCore\NFResDb.h" />
    <ClInclude Include="..\..\..\src\NFComm\NFShmCore\NFSeqOP.h" />
    <ClInclude Include="..\..\..\src\NFComm\NFShmCore\NFShmBitMap.hpp" />
    <ClInclude Include="..\..\..\src\NFComm\NFShmCore\NFShmDefine.h" />
    <ClInclude Include="..\..\..\src\NFComm\NFShmCore\NFShmMgr.h" />
    <ClInclude Include="..\..\..\src\NFComm\NFShmCore\NFShmNodeList.h" />
    <ClInclude Include="..\..\..\src\NFComm\NFShmCore\NFShmObj.h" />
    <ClInclude Include="..\..\..\src\NFComm\NFShmCore\NFShmObjectMgr.h" />
    <ClInclude Include="..\..\..\src\NFComm\NFShmCore\NFShmObjHashMgr.h" />
    <ClInclude Include="..\..\..\src\NFComm\NFShmCore\NFShmOldHashMap.h" />
    <ClInclude Include="..\..\..\src\NFComm\NFShmCore\NFShmOldHashTable.h" />
    <ClInclude Include="..\..\..\src\NFComm\NFShmCore\NFShmOrderedSet.hpp" />
    <ClInclude Include="..\..\..\src\NFComm\NFShmCore\NFShmPtr.h" />
    <ClInclude Include="..\..\..\src\NFComm\NFShmCore\NFShmQueue.h" />
    <ClInclude Include="..\..\..\src\NFComm\NFShmCore\NFShmStack.h" />
    <ClInclude Include="..\..\..\src\NFComm\NFShmCore\NFShmStaticList.hpp" />
    <ClInclude Include="..\..\..\src\NFComm\NFShmCore\NFShmString.h" />
    <ClInclude Include="..\..\..\src\NFComm\NFShmCore\NFTickByRunIndexOP.h" />
    <ClInclude Include="..\..\..\src\NFComm\NFShmCore\NFTransBase.h" />
    <ClInclude Include="..\..\..\src\NFComm\NFShmCore\NFTypeDefines.h" />
    <ClInclude Include="..\..\..\src\NFComm\NFShmStl\NFShmDyVector.h">
      <Filter>NFShmStl</Filter>
    </ClInclude>
    <ClInclude Include="..\..\..\src\NFComm\NFShmStl\NFShmHashMap.h">
      <Filter>NFShmStl</Filter>
    </ClInclude>
    <ClInclude Include="..\..\..\src\NFComm\NFShmStl\NFShmHashMapWithList.h">
      <Filter>NFShmStl</Filter>
    </ClInclude>
    <ClInclude Include="..\..\..\src\NFComm\NFShmStl\NFShmHashSet.h">
      <Filter>NFShmStl</Filter>
    </ClInclude>
    <ClInclude Include="..\..\..\src\NFComm\NFShmStl\NFShmHashTable.h">
      <Filter>NFShmStl</Filter>
    </ClInclude>
    <ClInclude Include="..\..\..\src\NFComm\NFShmStl\NFShmHashTableWithList.h">
      <Filter>NFShmStl</Filter>
    </ClInclude>
    <ClInclude Include="..\..\..\src\NFComm\NFShmStl\NFShmList.h">
      <Filter>NFShmStl</Filter>
    </ClInclude>
    <ClInclude Include="..\..\..\src\NFComm\NFShmStl\NFShmPair.h">
      <Filter>NFShmStl</Filter>
    </ClInclude>
    <ClInclude Include="..\..\..\src\NFComm\NFShmStl\NFShmString.h">
      <Filter>NFShmStl</Filter>
    </ClInclude>
    <ClInclude Include="..\..\..\src\NFComm\NFShmStl\NFShmVector.h">
      <Filter>NFShmStl</Filter>
    </ClInclude>
    <ClInclude Include="..\..\..\src\NFComm\NFShmCore\NFShmHashObjectMgr.h" />
    <ClInclude Include="..\..\..\src\NFComm\NFShmStl\NFShmStl.h">
      <Filter>NFShmStl</Filter>
    </ClInclude>
  </ItemGroup>
  <ItemGroup>
    <ClCompile Include="..\..\..\src\NFComm\NFShmCore\NFShmObj.cpp" />
    <ClCompile Include="..\..\..\src\NFComm\NFShmCore\NFArrayQueue.cpp" />
    <ClCompile Include="..\..\..\src\NFComm\NFShmCore\NFCSharedMem.cpp" />
    <ClCompile Include="..\..\..\src\NFComm\NFShmCore\NFShmMgr.cpp" />
    <ClCompile Include="..\..\..\src\NFComm\NFShmCore\NFShmNodeList.cpp" />
    <ClCompile Include="..\..\..\src\NFComm\NFShmCore\NFShmObj.cpp" />
    <ClCompile Include="..\..\..\src\NFComm\NFShmCore\NFShmObjectMgr.cpp" />
    <ClCompile Include="..\..\..\src\NFComm\NFShmCore\NFShmOldHashTable.cpp" />
    <ClCompile Include="..\..\..\src\NFComm\NFShmCore\NFTickByRunIndexOP.cpp" />
    <ClCompile Include="..\..\..\src\NFComm\NFShmCore\NFTransBase.cpp" />
    <ClCompile Include="..\..\..\src\NFComm\NFShmCore\NFShmHashObjectMgr.cpp" />
  </ItemGroup>
  <ItemGroup>
    <Filter Include="NFShmStl">
      <UniqueIdentifier>{9576bac0-cad3-4746-b167-55739222c023}</UniqueIdentifier>
    </Filter>
  </ItemGroup>
</Project>