<?xml version="1.0" encoding="utf-8"?>
<Project ToolsVersion="4.0" xmlns="http://schemas.microsoft.com/developer/msbuild/2003">
  <ItemGroup>
    <ClCompile Include="..\..\src\NFPluginManager\demangle.cpp" />
    <ClCompile Include="..\..\src\NFPluginManager\NFCAppInited.cpp" />
    <ClCompile Include="..\..\src\NFPluginManager\NFCDynLib.cpp" />
    <ClCompile Include="..\..\src\NFPluginManager\NFCPluginManager.cpp" />
    <ClCompile Include="..\..\src\NFPluginManager\NFCrashHandlerMgr.cpp" />
    <ClCompile Include="..\..\src\NFPluginManager\NFPrintfLogo.cpp" />
    <ClCompile Include="..\..\src\NFPluginManager\NFProcessParameter.cpp" />
    <ClCompile Include="..\..\src\NFPluginManager\NFSignalHandleMgr.cpp" />
    <ClCompile Include="..\..\src\NFPluginManager\NFPluginLoader.cpp" />
  </ItemGroup>
  <ItemGroup>
    <ClInclude Include="..\..\src\NFPluginManager\demangle.h" />
    <ClInclude Include="..\..\src\NFPluginManager\NFCAppInited.h" />
    <ClInclude Include="..\..\src\NFPluginManager\NFCDynLib.h" />
    <ClInclude Include="..\..\src\NFPluginManager\NFCPluginManager.h" />
    <ClInclude Include="..\..\src\NFPluginManager\NFCrashHandlerMgr.h" />
    <ClInclude Include="..\..\src\NFPluginManager\NFPrintfLogo.h" />
    <ClInclude Include="..\..\src\NFPluginManager\NFProcessParameter.h" />
    <ClInclude Include="..\..\src\NFPluginManager\NFSignalHandleMgr.h" />
    <ClInclude Include="..\..\src\NFPluginManager\NFPluginLoader.h" />
  </ItemGroup>
</Project>