<?xml version="1.0" encoding="utf-8"?>
<Project ToolsVersion="4.0" xmlns="http://schemas.microsoft.com/developer/msbuild/2003">
  <ItemGroup>
    <Text Include="..\..\src\NFTools\NFExcelProcess\CMakeLists.txt" />
  </ItemGroup>
  <ItemGroup>
    <ClInclude Include="..\..\src\NFTools\NFExcelProcess\Common.h" />
    <ClInclude Include="..\..\src\NFTools\NFExcelProcess\ExcelParse.h" />
    <ClInclude Include="..\..\src\NFTools\NFExcelProcess\ExcelParseAllCheck.h" />
    <ClInclude Include="..\..\src\NFTools\NFExcelProcess\ExcelParseCheck.h" />
    <ClInclude Include="..\..\src\NFTools\NFExcelProcess\ExcelToBin.h" />
    <ClInclude Include="..\..\src\NFTools\NFExcelProcess\ExcelToMakefile.h" />
    <ClInclude Include="..\..\src\NFTools\NFExcelProcess\ExcelToProto.h" />
    <ClInclude Include="..\..\src\NFTools\NFExcelProcess\ExcelToTxt.h" />
    <ClInclude Include="..\..\src\NFTools\NFExcelProcess\ExcelToTxtGen.h" />
    <ClInclude Include="..\..\src\NFTools\NFExcelProcess\MiniExcelReader\MiniExcelReader.h">
      <Filter>MiniExcelReader</Filter>
    </ClInclude>
    <ClInclude Include="..\..\src\NFTools\NFExcelProcess\zlib\crc32.h">
      <Filter>zlib</Filter>
    </ClInclude>
    <ClInclude Include="..\..\src\NFTools\NFExcelProcess\zlib\deflate.h">
      <Filter>zlib</Filter>
    </ClInclude>
    <ClInclude Include="..\..\src\NFTools\NFExcelProcess\zlib\gzguts.h">
      <Filter>zlib</Filter>
    </ClInclude>
    <ClInclude Include="..\..\src\NFTools\NFExcelProcess\zlib\inffast.h">
      <Filter>zlib</Filter>
    </ClInclude>
    <ClInclude Include="..\..\src\NFTools\NFExcelProcess\zlib\inffixed.h">
      <Filter>zlib</Filter>
    </ClInclude>
    <ClInclude Include="..\..\src\NFTools\NFExcelProcess\zlib\inflate.h">
      <Filter>zlib</Filter>
    </ClInclude>
    <ClInclude Include="..\..\src\NFTools\NFExcelProcess\zlib\inftrees.h">
      <Filter>zlib</Filter>
    </ClInclude>
    <ClInclude Include="..\..\src\NFTools\NFExcelProcess\zlib\trees.h">
      <Filter>zlib</Filter>
    </ClInclude>
    <ClInclude Include="..\..\src\NFTools\NFExcelProcess\zlib\zconf.h">
      <Filter>zlib</Filter>
    </ClInclude>
    <ClInclude Include="..\..\src\NFTools\NFExcelProcess\zlib\zlib.h">
      <Filter>zlib</Filter>
    </ClInclude>
    <ClInclude Include="..\..\src\NFTools\NFExcelProcess\zlib\zutil.h">
      <Filter>zlib</Filter>
    </ClInclude>
  </ItemGroup>
  <ItemGroup>
    <ClCompile Include="..\..\src\NFTools\NFExcelProcess\ExcelParse.cpp" />
    <ClCompile Include="..\..\src\NFTools\NFExcelProcess\ExcelParseAllCheck.cpp" />
    <ClCompile Include="..\..\src\NFTools\NFExcelProcess\ExcelParseCheck.cpp" />
    <ClCompile Include="..\..\src\NFTools\NFExcelProcess\ExcelToBin.cpp" />
    <ClCompile Include="..\..\src\NFTools\NFExcelProcess\ExcelToMakefile.cpp" />
    <ClCompile Include="..\..\src\NFTools\NFExcelProcess\ExcelToProto.cpp" />
    <ClCompile Include="..\..\src\NFTools\NFExcelProcess\ExcelToTxt.cpp" />
    <ClCompile Include="..\..\src\NFTools\NFExcelProcess\ExcelToTxtGen.cpp" />
    <ClCompile Include="..\..\src\NFTools\NFExcelProcess\main.cpp" />
    <ClCompile Include="..\..\src\NFTools\NFExcelProcess\MiniExcelReader\MiniExcelReader.cpp">
      <Filter>MiniExcelReader</Filter>
    </ClCompile>
    <ClCompile Include="..\..\src\NFTools\NFExcelProcess\minizip\ioapi.c">
      <Filter>minizip</Filter>
    </ClCompile>
    <ClCompile Include="..\..\src\NFTools\NFExcelProcess\minizip\ioapi_mem.c">
      <Filter>minizip</Filter>
    </ClCompile>
    <ClCompile Include="..\..\src\NFTools\NFExcelProcess\minizip\unzip.c">
      <Filter>minizip</Filter>
    </ClCompile>
    <ClCompile Include="..\..\src\NFTools\NFExcelProcess\zlib\adler32.c">
      <Filter>zlib</Filter>
    </ClCompile>
    <ClCompile Include="..\..\src\NFTools\NFExcelProcess\zlib\compress.c">
      <Filter>zlib</Filter>
    </ClCompile>
    <ClCompile Include="..\..\src\NFTools\NFExcelProcess\zlib\crc32.c">
      <Filter>zlib</Filter>
    </ClCompile>
    <ClCompile Include="..\..\src\NFTools\NFExcelProcess\zlib\deflate.c">
      <Filter>zlib</Filter>
    </ClCompile>
    <ClCompile Include="..\..\src\NFTools\NFExcelProcess\zlib\gzclose.c">
      <Filter>zlib</Filter>
    </ClCompile>
    <ClCompile Include="..\..\src\NFTools\NFExcelProcess\zlib\gzlib.c">
      <Filter>zlib</Filter>
    </ClCompile>
    <ClCompile Include="..\..\src\NFTools\NFExcelProcess\zlib\gzread.c">
      <Filter>zlib</Filter>
    </ClCompile>
    <ClCompile Include="..\..\src\NFTools\NFExcelProcess\zlib\gzwrite.c">
      <Filter>zlib</Filter>
    </ClCompile>
    <ClCompile Include="..\..\src\NFTools\NFExcelProcess\zlib\infback.c">
      <Filter>zlib</Filter>
    </ClCompile>
    <ClCompile Include="..\..\src\NFTools\NFExcelProcess\zlib\inffast.c">
      <Filter>zlib</Filter>
    </ClCompile>
    <ClCompile Include="..\..\src\NFTools\NFExcelProcess\zlib\inflate.c">
      <Filter>zlib</Filter>
    </ClCompile>
    <ClCompile Include="..\..\src\NFTools\NFExcelProcess\zlib\inftrees.c">
      <Filter>zlib</Filter>
    </ClCompile>
    <ClCompile Include="..\..\src\NFTools\NFExcelProcess\zlib\trees.c">
      <Filter>zlib</Filter>
    </ClCompile>
    <ClCompile Include="..\..\src\NFTools\NFExcelProcess\zlib\zutil.c">
      <Filter>zlib</Filter>
    </ClCompile>
    <ClCompile Include="..\..\src\NFTools\NFExcelProcess\dllmain.cpp" />
  </ItemGroup>
  <ItemGroup>
    <Filter Include="MiniExcelReader">
      <UniqueIdentifier>{1d30ef83-6cb6-4e7f-b9fa-179360cb9584}</UniqueIdentifier>
    </Filter>
    <Filter Include="minizip">
      <UniqueIdentifier>{95309c38-6521-47f1-a52c-7a939d6f2dfa}</UniqueIdentifier>
    </Filter>
    <Filter Include="zlib">
      <UniqueIdentifier>{274a8657-4e26-459f-ac59-25eeee6f91c6}</UniqueIdentifier>
    </Filter>
  </ItemGroup>
</Project>